
Microsoft Visual Studio Solution File, Format Version 12.00
# Visual Studio 15
Project("{FAE04EC0-301F-11D3-BF4B-00C04F79EFBC}") = "Assembly-CSharp", "Assembly-CSharp.csproj", "{A7CBDEB1-C265-0199-50C7-432434808983}"
EndProject
Project("{FAE04EC0-301F-11D3-BF4B-00C04F79EFBC}") = "Unity.XR.Interaction.Toolkit.Samples.StarterAssets", "Unity.XR.Interaction.Toolkit.Samples.StarterAssets.csproj", "{6DBFAEFF-658E-A4C4-6CCB-F94110AF2EC4}"
EndProject
Project("{FAE04EC0-301F-11D3-BF4B-00C04F79EFBC}") = "Unity.XR.Interaction.Toolkit.Samples.DeviceSimulator", "Unity.XR.Interaction.Toolkit.Samples.DeviceSimulator.csproj", "{FF078AAA-AEDF-D712-D64A-B441B0A3F1ED}"
EndProject
Project("{FAE04EC0-301F-11D3-BF4B-00C04F79EFBC}") = "Unity.XR.Interaction.Toolkit.Samples.StarterAssets.Editor", "Unity.XR.Interaction.Toolkit.Samples.StarterAssets.Editor.csproj", "{119041E1-CCD4-1C0C-AE65-27C1A44EDA19}"
EndProject
Global
	GlobalSection(SolutionConfigurationPlatforms) = preSolution
		Debug|Any CPU = Debug|Any CPU
		Release|Any CPU = Release|Any CPU
	EndGlobalSection
	GlobalSection(ProjectConfigurationPlatforms) = postSolution
		{A7CBDEB1-C265-0199-50C7-432434808983}.Debug|Any CPU.ActiveCfg = Debug|Any CPU
		{A7CBDEB1-C265-0199-50C7-432434808983}.Debug|Any CPU.Build.0 = Debug|Any CPU
		{A7CBDEB1-C265-0199-50C7-432434808983}.Release|Any CPU.ActiveCfg = Release|Any CPU
		{A7CBDEB1-C265-0199-50C7-432434808983}.Release|Any CPU.Build.0 = Release|Any CPU
		{6DBFAEFF-658E-A4C4-6CCB-F94110AF2EC4}.Debug|Any CPU.ActiveCfg = Debug|Any CPU
		{6DBFAEFF-658E-A4C4-6CCB-F94110AF2EC4}.Debug|Any CPU.Build.0 = Debug|Any CPU
		{6DBFAEFF-658E-A4C4-6CCB-F94110AF2EC4}.Release|Any CPU.ActiveCfg = Release|Any CPU
		{6DBFAEFF-658E-A4C4-6CCB-F94110AF2EC4}.Release|Any CPU.Build.0 = Release|Any CPU
		{FF078AAA-AEDF-D712-D64A-B441B0A3F1ED}.Debug|Any CPU.ActiveCfg = Debug|Any CPU
		{FF078AAA-AEDF-D712-D64A-B441B0A3F1ED}.Debug|Any CPU.Build.0 = Debug|Any CPU
		{FF078AAA-AEDF-D712-D64A-B441B0A3F1ED}.Release|Any CPU.ActiveCfg = Release|Any CPU
		{FF078AAA-AEDF-D712-D64A-B441B0A3F1ED}.Release|Any CPU.Build.0 = Release|Any CPU
		{119041E1-CCD4-1C0C-AE65-27C1A44EDA19}.Debug|Any CPU.ActiveCfg = Debug|Any CPU
		{119041E1-CCD4-1C0C-AE65-27C1A44EDA19}.Debug|Any CPU.Build.0 = Debug|Any CPU
		{119041E1-CCD4-1C0C-AE65-27C1A44EDA19}.Release|Any CPU.ActiveCfg = Release|Any CPU
		{119041E1-CCD4-1C0C-AE65-27C1A44EDA19}.Release|Any CPU.Build.0 = Release|Any CPU
	EndGlobalSection
	GlobalSection(SolutionProperties) = preSolution
		HideSolutionNode = FALSE
	EndGlobalSection
EndGlobal
